{
  "name": "@alwialhuda11/teararium",
  "version": "1.1.4",
  "lockfileVersion": 3,
  "requires": true,
  "packages": {
    "": {
      "name": "@alwialhuda11/teararium",
      "version": "1.1.4",
      "license": "ISC",
      "dependencies": {
        "teararium": "^1.1.4"
      }
    },
    "node_modules/teararium": {
      "version": "1.1.4",
      "resolved": "https://registry.npmjs.org/teararium/-/teararium-1.1.4.tgz",
      "integrity": "sha512-q2WB47JxIoKpDwcq3Ez+pcDgtVaag+66UWk7PHgUoxcwUtZkDTxMqEgkx0u2HFg8d5UX500jHeLPXqBXF0eWHw=="
    }
  }
}
